
Microsoft Visual Studio Solution File, Format Version 12.00
# Visual Studio Version 16
VisualStudioVersion = 16.0.30002.166
MinimumVisualStudioVersion = 10.0.40219.1
Project("{2150E333-8FDC-42A3-9474-1A3956D46DE8}") = "Solution Items", "Solution Items", "{14792F4B-46BC-485E-82A2-461A72BBD2B8}"
	ProjectSection(SolutionItems) = preProject
		README.md = README.md
	EndProjectSection
EndProject
Project("{2150E333-8FDC-42A3-9474-1A3956D46DE8}") = "DomainModel", "DomainModel", "{02C25502-229C-41F1-AD8E-C1FE90127148}"
EndProject
Project("{2150E333-8FDC-42A3-9474-1A3956D46DE8}") = "UseCase", "UseCase", "{80857A8B-9C24-4883-ADB6-A97E22AA72EB}"
EndProject
Project("{2150E333-8FDC-42A3-9474-1A3956D46DE8}") = "InterfaceAdapter", "InterfaceAdapter", "{E59CD7F4-8E21-43A2-9972-46F8045D335B}"
EndProject
Project("{2150E333-8FDC-42A3-9474-1A3956D46DE8}") = "ExternalInterface", "ExternalInterface", "{AD39A918-BC86-4977-A001-01AFEED2C8F2}"
EndProject
Project("{FAE04EC0-301F-11D3-BF4B-00C04F79EFBC}") = "TodoApp.DomainModel", "TodoApp.DomainModel\TodoApp.DomainModel.csproj", "{6B450832-DADC-4018-AE79-F09A0051201A}"
EndProject
Project("{FAE04EC0-301F-11D3-BF4B-00C04F79EFBC}") = "TodoApp.UseCase", "TodoApp.UseCase\TodoApp.UseCase.csproj", "{83D7EBC6-1F38-4D55-A8ED-DD69723ADCD3}"
EndProject
Project("{FAE04EC0-301F-11D3-BF4B-00C04F79EFBC}") = "TodoApp", "TodoApp\TodoApp.csproj", "{B333361E-9DA6-4CBC-AD0D-39B0882144F4}"
EndProject
Project("{FAE04EC0-301F-11D3-BF4B-00C04F79EFBC}") = "TodoApp.Repositry", "TodoApp.Repositry\TodoApp.Repositry.csproj", "{02E9A4BB-0345-4CDF-BAB2-2B3D0D3E7D91}"
EndProject
Project("{FAE04EC0-301F-11D3-BF4B-00C04F79EFBC}") = "TodoApp.Presenter", "TodoApp.Presenter\TodoApp.Presenter.csproj", "{4C8239E1-C972-4DCA-B5CF-6926A9446010}"
EndProject
Project("{FAE04EC0-301F-11D3-BF4B-00C04F79EFBC}") = "TodoApp.Controller", "TodoApp.Controller\TodoApp.Controller.csproj", "{FB7F41F5-77A3-4067-AF87-D419CEF2992B}"
EndProject
Global
	GlobalSection(SolutionConfigurationPlatforms) = preSolution
		Debug|Any CPU = Debug|Any CPU
		Release|Any CPU = Release|Any CPU
	EndGlobalSection
	GlobalSection(ProjectConfigurationPlatforms) = postSolution
		{6B450832-DADC-4018-AE79-F09A0051201A}.Debug|Any CPU.ActiveCfg = Debug|Any CPU
		{6B450832-DADC-4018-AE79-F09A0051201A}.Debug|Any CPU.Build.0 = Debug|Any CPU
		{6B450832-DADC-4018-AE79-F09A0051201A}.Release|Any CPU.ActiveCfg = Release|Any CPU
		{6B450832-DADC-4018-AE79-F09A0051201A}.Release|Any CPU.Build.0 = Release|Any CPU
		{83D7EBC6-1F38-4D55-A8ED-DD69723ADCD3}.Debug|Any CPU.ActiveCfg = Debug|Any CPU
		{83D7EBC6-1F38-4D55-A8ED-DD69723ADCD3}.Debug|Any CPU.Build.0 = Debug|Any CPU
		{83D7EBC6-1F38-4D55-A8ED-DD69723ADCD3}.Release|Any CPU.ActiveCfg = Release|Any CPU
		{83D7EBC6-1F38-4D55-A8ED-DD69723ADCD3}.Release|Any CPU.Build.0 = Release|Any CPU
		{B333361E-9DA6-4CBC-AD0D-39B0882144F4}.Debug|Any CPU.ActiveCfg = Debug|Any CPU
		{B333361E-9DA6-4CBC-AD0D-39B0882144F4}.Debug|Any CPU.Build.0 = Debug|Any CPU
		{B333361E-9DA6-4CBC-AD0D-39B0882144F4}.Release|Any CPU.ActiveCfg = Release|Any CPU
		{B333361E-9DA6-4CBC-AD0D-39B0882144F4}.Release|Any CPU.Build.0 = Release|Any CPU
		{02E9A4BB-0345-4CDF-BAB2-2B3D0D3E7D91}.Debug|Any CPU.ActiveCfg = Debug|Any CPU
		{02E9A4BB-0345-4CDF-BAB2-2B3D0D3E7D91}.Debug|Any CPU.Build.0 = Debug|Any CPU
		{02E9A4BB-0345-4CDF-BAB2-2B3D0D3E7D91}.Release|Any CPU.ActiveCfg = Release|Any CPU
		{02E9A4BB-0345-4CDF-BAB2-2B3D0D3E7D91}.Release|Any CPU.Build.0 = Release|Any CPU
		{4C8239E1-C972-4DCA-B5CF-6926A9446010}.Debug|Any CPU.ActiveCfg = Debug|Any CPU
		{4C8239E1-C972-4DCA-B5CF-6926A9446010}.Debug|Any CPU.Build.0 = Debug|Any CPU
		{4C8239E1-C972-4DCA-B5CF-6926A9446010}.Release|Any CPU.ActiveCfg = Release|Any CPU
		{4C8239E1-C972-4DCA-B5CF-6926A9446010}.Release|Any CPU.Build.0 = Release|Any CPU
		{FB7F41F5-77A3-4067-AF87-D419CEF2992B}.Debug|Any CPU.ActiveCfg = Debug|Any CPU
		{FB7F41F5-77A3-4067-AF87-D419CEF2992B}.Debug|Any CPU.Build.0 = Debug|Any CPU
		{FB7F41F5-77A3-4067-AF87-D419CEF2992B}.Release|Any CPU.ActiveCfg = Release|Any CPU
		{FB7F41F5-77A3-4067-AF87-D419CEF2992B}.Release|Any CPU.Build.0 = Release|Any CPU
	EndGlobalSection
	GlobalSection(SolutionProperties) = preSolution
		HideSolutionNode = FALSE
	EndGlobalSection
	GlobalSection(NestedProjects) = preSolution
		{6B450832-DADC-4018-AE79-F09A0051201A} = {02C25502-229C-41F1-AD8E-C1FE90127148}
		{83D7EBC6-1F38-4D55-A8ED-DD69723ADCD3} = {80857A8B-9C24-4883-ADB6-A97E22AA72EB}
		{B333361E-9DA6-4CBC-AD0D-39B0882144F4} = {AD39A918-BC86-4977-A001-01AFEED2C8F2}
		{02E9A4BB-0345-4CDF-BAB2-2B3D0D3E7D91} = {E59CD7F4-8E21-43A2-9972-46F8045D335B}
		{4C8239E1-C972-4DCA-B5CF-6926A9446010} = {E59CD7F4-8E21-43A2-9972-46F8045D335B}
		{FB7F41F5-77A3-4067-AF87-D419CEF2992B} = {E59CD7F4-8E21-43A2-9972-46F8045D335B}
	EndGlobalSection
	GlobalSection(ExtensibilityGlobals) = postSolution
		SolutionGuid = {E75D39C4-30B3-4204-A86C-8A818A7D7433}
	EndGlobalSection
EndGlobal
